// !$*UTF8*$!
{
	archiveVersion = 1;
	classes = {
	};
	objectVersion = 50;
	objects = {

/* Begin PBXBuildFile section */
		45A3C88722FF64E6005A5962 /* AppDelegate.swift in Sources */ = {isa = PBXBuildFile; fileRef = 45A3C88622FF64E6005A5962 /* AppDelegate.swift */; };
		45A3C88922FF64E6005A5962 /* SceneDelegate.swift in Sources */ = {isa = PBXBuildFile; fileRef = 45A3C88822FF64E6005A5962 /* SceneDelegate.swift */; };
		45A3C88D22FF64E9005A5962 /* Assets.xcassets in Resources */ = {isa = PBXBuildFile; fileRef = 45A3C88C22FF64E9005A5962 /* Assets.xcassets */; };
		45A3C89022FF64E9005A5962 /* Preview Assets.xcassets in Resources */ = {isa = PBXBuildFile; fileRef = 45A3C88F22FF64E9005A5962 /* Preview Assets.xcassets */; };
		45A3C89322FF64E9005A5962 /* LaunchScreen.storyboard in Resources */ = {isa = PBXBuildFile; fileRef = 45A3C89122FF64E9005A5962 /* LaunchScreen.storyboard */; };
		45A3C89E22FF64EA005A5962 /* App_OnboardingTests.swift in Sources */ = {isa = PBXBuildFile; fileRef = 45A3C89D22FF64EA005A5962 /* App_OnboardingTests.swift */; };
		45A3C8A922FF64EA005A5962 /* App_OnboardingUITests.swift in Sources */ = {isa = PBXBuildFile; fileRef = 45A3C8A822FF64EA005A5962 /* App_OnboardingUITests.swift */; };
		45A3C8B722FF6591005A5962 /* Subview.swift in Sources */ = {isa = PBXBuildFile; fileRef = 45A3C8B622FF6591005A5962 /* Subview.swift */; };
		45A3C8BD22FF66FD005A5962 /* OnboardingView.swift in Sources */ = {isa = PBXBuildFile; fileRef = 45A3C8BC22FF66FD005A5962 /* OnboardingView.swift */; };
		45A3C8C122FF6944005A5962 /* PageViewController.swift in Sources */ = {isa = PBXBuildFile; fileRef = 45A3C8C022FF6944005A5962 /* PageViewController.swift */; };
		45F25EFE2308419900DFF539 /* PageControl.swift in Sources */ = {isa = PBXBuildFile; fileRef = 45F25EFD2308419900DFF539 /* PageControl.swift */; };
/* End PBXBuildFile section */

/* Begin PBXContainerItemProxy section */
		45A3C89A22FF64EA005A5962 /* PBXContainerItemProxy */ = {
			isa = PBXContainerItemProxy;
			containerPortal = 45A3C87B22FF64E6005A5962 /* Project object */;
			proxyType = 1;
			remoteGlobalIDString = 45A3C88222FF64E6005A5962;
			remoteInfo = "App Onboarding";
		};
		45A3C8A522FF64EA005A5962 /* PBXContainerItemProxy */ = {
			isa = PBXContainerItemProxy;
			containerPortal = 45A3C87B22FF64E6005A5962 /* Project object */;
			proxyType = 1;
			remoteGlobalIDString = 45A3C88222FF64E6005A5962;
			remoteInfo = "App Onboarding";
		};
/* End PBXContainerItemProxy section */

/* Begin PBXFileReference section */
		45A3C88322FF64E6005A5962 /* App Onboarding.app */ = {isa = PBXFileReference; explicitFileType = wrapper.application; includeInIndex = 0; path = "App Onboarding.app"; sourceTree = BUILT_PRODUCTS_DIR; };
		45A3C88622FF64E6005A5962 /* AppDelegate.swift */ = {isa = PBXFileReference; lastKnownFileType = sourcecode.swift; path = AppDelegate.swift; sourceTree = "<group>"; };
		45A3C88822FF64E6005A5962 /* SceneDelegate.swift */ = {isa = PBXFileReference; lastKnownFileType = sourcecode.swift; path = SceneDelegate.swift; sourceTree = "<group>"; };
		45A3C88C22FF64E9005A5962 /* Assets.xcassets */ = {isa = PBXFileReference; lastKnownFileType = folder.assetcatalog; path = Assets.xcassets; sourceTree = "<group>"; };
		45A3C88F22FF64E9005A5962 /* Preview Assets.xcassets */ = {isa = PBXFileReference; lastKnownFileType = folder.assetcatalog; path = "Preview Assets.xcassets"; sourceTree = "<group>"; };
		45A3C89222FF64E9005A5962 /* Base */ = {isa = PBXFileReference; lastKnownFileType = file.storyboard; name = Base; path = Base.lproj/LaunchScreen.storyboard; sourceTree = "<group>"; };
		45A3C89422FF64E9005A5962 /* Info.plist */ = {isa = PBXFileReference; lastKnownFileType = text.plist.xml; path = Info.plist; sourceTree = "<group>"; };
		45A3C89922FF64EA005A5962 /* App OnboardingTests.xctest */ = {isa = PBXFileReference; explicitFileType = wrapper.cfbundle; includeInIndex = 0; path = "App OnboardingTests.xctest"; sourceTree = BUILT_PRODUCTS_DIR; };
		45A3C89D22FF64EA005A5962 /* App_OnboardingTests.swift */ = {isa = PBXFileReference; lastKnownFileType = sourcecode.swift; path = App_OnboardingTests.swift; sourceTree = "<group>"; };
		45A3C89F22FF64EA005A5962 /* Info.plist */ = {isa = PBXFileReference; lastKnownFileType = text.plist.xml; path = Info.plist; sourceTree = "<group>"; };
		45A3C8A422FF64EA005A5962 /* App OnboardingUITests.xctest */ = {isa = PBXFileReference; explicitFileType = wrapper.cfbundle; includeInIndex = 0; path = "App OnboardingUITests.xctest"; sourceTree = BUILT_PRODUCTS_DIR; };
		45A3C8A822FF64EA005A5962 /* App_OnboardingUITests.swift */ = {isa = PBXFileReference; lastKnownFileType = sourcecode.swift; path = App_OnboardingUITests.swift; sourceTree = "<group>"; };
		45A3C8AA22FF64EA005A5962 /* Info.plist */ = {isa = PBXFileReference; lastKnownFileType = text.plist.xml; path = Info.plist; sourceTree = "<group>"; };
		45A3C8B622FF6591005A5962 /* Subview.swift */ = {isa = PBXFileReference; lastKnownFileType = sourcecode.swift; path = Subview.swift; sourceTree = "<group>"; };
		45A3C8BC22FF66FD005A5962 /* OnboardingView.swift */ = {isa = PBXFileReference; lastKnownFileType = sourcecode.swift; path = OnboardingView.swift; sourceTree = "<group>"; };
		45A3C8C022FF6944005A5962 /* PageViewController.swift */ = {isa = PBXFileReference; lastKnownFileType = sourcecode.swift; path = PageViewController.swift; sourceTree = "<group>"; };
		45F25EFD2308419900DFF539 /* PageControl.swift */ = {isa = PBXFileReference; lastKnownFileType = sourcecode.swift; path = PageControl.swift; sourceTree = "<group>"; };
/* End PBXFileReference section */

/* Begin PBXFrameworksBuildPhase section */
		45A3C88022FF64E6005A5962 /* Frameworks */ = {
			isa = PBXFrameworksBuildPhase;
			buildActionMask = 2147483647;
			files = (
			);
			runOnlyForDeploymentPostprocessing = 0;
		};
		45A3C89622FF64EA005A5962 /* Frameworks */ = {
			isa = PBXFrameworksBuildPhase;
			buildActionMask = 2147483647;
			files = (
			);
			runOnlyForDeploymentPostprocessing = 0;
		};
		45A3C8A122FF64EA005A5962 /* Frameworks */ = {
			isa = PBXFrameworksBuildPhase;
			buildActionMask = 2147483647;
			files = (
			);
			runOnlyForDeploymentPostprocessing = 0;
		};
/* End PBXFrameworksBuildPhase section */

/* Begin PBXGroup section */
		45A3C87A22FF64E6005A5962 = {
			isa = PBXGroup;
			children = (
				45A3C88522FF64E6005A5962 /* App Onboarding */,
				45A3C89C22FF64EA005A5962 /* App OnboardingTests */,
				45A3C8A722FF64EA005A5962 /* App OnboardingUITests */,
				45A3C88422FF64E6005A5962 /* Products */,
			);
			sourceTree = "<group>";
		};
		45A3C88422FF64E6005A5962 /* Products */ = {
			isa = PBXGroup;
			children = (
				45A3C88322FF64E6005A5962 /* App Onboarding.app */,
				45A3C89922FF64EA005A5962 /* App OnboardingTests.xctest */,
				45A3C8A422FF64EA005A5962 /* App OnboardingUITests.xctest */,
			);
			name = Products;
			sourceTree = "<group>";
		};
		45A3C88522FF64E6005A5962 /* App Onboarding */ = {
			isa = PBXGroup;
			children = (
				45A3C88622FF64E6005A5962 /* AppDelegate.swift */,
				45A3C88822FF64E6005A5962 /* SceneDelegate.swift */,
				45A3C88C22FF64E9005A5962 /* Assets.xcassets */,
				45A3C8C022FF6944005A5962 /* PageViewController.swift */,
				45A3C8B622FF6591005A5962 /* Subview.swift */,
				45F25EFD2308419900DFF539 /* PageControl.swift */,
				45A3C8BC22FF66FD005A5962 /* OnboardingView.swift */,
				45A3C89122FF64E9005A5962 /* LaunchScreen.storyboard */,
				45A3C89422FF64E9005A5962 /* Info.plist */,
				45A3C88E22FF64E9005A5962 /* Preview Content */,
			);
			path = "App Onboarding";
			sourceTree = "<group>";
		};
		45A3C88E22FF64E9005A5962 /* Preview Content */ = {
			isa = PBXGroup;
			children = (
				45A3C88F22FF64E9005A5962 /* Preview Assets.xcassets */,
			);
			path = "Preview Content";
			sourceTree = "<group>";
		};
		45A3C89C22FF64EA005A5962 /* App OnboardingTests */ = {
			isa = PBXGroup;
			children = (
				45A3C89D22FF64EA005A5962 /* App_OnboardingTests.swift */,
				45A3C89F22FF64EA005A5962 /* Info.plist */,
			);
			path = "App OnboardingTests";
			sourceTree = "<group>";
		};
		45A3C8A722FF64EA005A5962 /* App OnboardingUITests */ = {
			isa = PBXGroup;
			children = (
				45A3C8A822FF64EA005A5962 /* App_OnboardingUITests.swift */,
				45A3C8AA22FF64EA005A5962 /* Info.plist */,
			);
			path = "App OnboardingUITests";
			sourceTree = "<group>";
		};
/* End PBXGroup section */

/* Begin PBXNativeTarget section */
		45A3C88222FF64E6005A5962 /* App Onboarding */ = {
			isa = PBXNativeTarget;
			buildConfigurationList = 45A3C8AD22FF64EA005A5962 /* Build configuration list for PBXNativeTarget "App Onboarding" */;
			buildPhases = (
				45A3C87F22FF64E6005A5962 /* Sources */,
				45A3C88022FF64E6005A5962 /* Frameworks */,
				45A3C88122FF64E6005A5962 /* Resources */,
			);
			buildRules = (
			);
			dependencies = (
			);
			name = "App Onboarding";
			productName = "App Onboarding";
			productReference = 45A3C88322FF64E6005A5962 /* App Onboarding.app */;
			productType = "com.apple.product-type.application";
		};
		45A3C89822FF64EA005A5962 /* App OnboardingTests */ = {
			isa = PBXNativeTarget;
			buildConfigurationList = 45A3C8B022FF64EA005A5962 /* Build configuration list for PBXNativeTarget "App OnboardingTests" */;
			buildPhases = (
				45A3C89522FF64EA005A5962 /* Sources */,
				45A3C89622FF64EA005A5962 /* Frameworks */,
				45A3C89722FF64EA005A5962 /* Resources */,
			);
			buildRules = (
			);
			dependencies = (
				45A3C89B22FF64EA005A5962 /* PBXTargetDependency */,
			);
			name = "App OnboardingTests";
			productName = "App OnboardingTests";
			productReference = 45A3C89922FF64EA005A5962 /* App OnboardingTests.xctest */;
			productType = "com.apple.product-type.bundle.unit-test";
		};
		45A3C8A322FF64EA005A5962 /* App OnboardingUITests */ = {
			isa = PBXNativeTarget;
			buildConfigurationList = 45A3C8B322FF64EA005A5962 /* Build configuration list for PBXNativeTarget "App OnboardingUITests" */;
			buildPhases = (
				45A3C8A022FF64EA005A5962 /* Sources */,
				45A3C8A122FF64EA005A5962 /* Frameworks */,
				45A3C8A222FF64EA005A5962 /* Resources */,
			);
			buildRules = (
			);
			dependencies = (
				45A3C8A622FF64EA005A5962 /* PBXTargetDependency */,
			);
			name = "App OnboardingUITests";
			productName = "App OnboardingUITests";
			productReference = 45A3C8A422FF64EA005A5962 /* App OnboardingUITests.xctest */;
			productType = "com.apple.product-type.bundle.ui-testing";
		};
/* End PBXNativeTarget section */

/* Begin PBXProject section */
		45A3C87B22FF64E6005A5962 /* Project object */ = {
			isa = PBXProject;
			attributes = {
				LastSwiftUpdateCheck = 1100;
				LastUpgradeCheck = 1100;
				ORGANIZATIONNAME = "Andreas Schultz";
				TargetAttributes = {
					45A3C88222FF64E6005A5962 = {
						CreatedOnToolsVersion = 11.0;
					};
					45A3C89822FF64EA005A5962 = {
						CreatedOnToolsVersion = 11.0;
						TestTargetID = 45A3C88222FF64E6005A5962;
					};
					45A3C8A322FF64EA005A5962 = {
						CreatedOnToolsVersion = 11.0;
						TestTargetID = 45A3C88222FF64E6005A5962;
					};
				};
			};
			buildConfigurationList = 45A3C87E22FF64E6005A5962 /* Build configuration list for PBXProject "App Onboarding" */;
			compatibilityVersion = "Xcode 9.3";
			developmentRegion = en;
			hasScannedForEncodings = 0;
			knownRegions = (
				en,
				Base,
			);
			mainGroup = 45A3C87A22FF64E6005A5962;
			productRefGroup = 45A3C88422FF64E6005A5962 /* Products */;
			projectDirPath = "";
			projectRoot = "";
			targets = (
				45A3C88222FF64E6005A5962 /* App Onboarding */,
				45A3C89822FF64EA005A5962 /* App OnboardingTests */,
				45A3C8A322FF64EA005A5962 /* App OnboardingUITests */,
			);
		};
/* End PBXProject section */

/* Begin PBXResourcesBuildPhase section */
		45A3C88122FF64E6005A5962 /* Resources */ = {
			isa = PBXResourcesBuildPhase;
			buildActionMask = 2147483647;
			files = (
				45A3C89322FF64E9005A5962 /* LaunchScreen.storyboard in Resources */,
				45A3C89022FF64E9005A5962 /* Preview Assets.xcassets in Resources */,
				45A3C88D22FF64E9005A5962 /* Assets.xcassets in Resources */,
			);
			runOnlyForDeploymentPostprocessing = 0;
		};
		45A3C89722FF64EA005A5962 /* Resources */ = {
			isa = PBXResourcesBuildPhase;
			buildActionMask = 2147483647;
			files = (
			);
			runOnlyForDeploymentPostprocessing = 0;
		};
		45A3C8A222FF64EA005A5962 /* Resources */ = {
			isa = PBXResourcesBuildPhase;
			buildActionMask = 2147483647;
			files = (
			);
			runOnlyForDeploymentPostprocessing = 0;
		};
/* End PBXResourcesBuildPhase section */

/* Begin PBXSourcesBuildPhase section */
		45A3C87F22FF64E6005A5962 /* Sources */ = {
			isa = PBXSourcesBuildPhase;
			buildActionMask = 2147483647;
			files = (
				45A3C8B722FF6591005A5962 /* Subview.swift in Sources */,
				45A3C8C122FF6944005A5962 /* PageViewController.swift in Sources */,
				45F25EFE2308419900DFF539 /* PageControl.swift in Sources */,
				45A3C88722FF64E6005A5962 /* AppDelegate.swift in Sources */,
				45A3C8BD22FF66FD005A5962 /* OnboardingView.swift in Sources */,
				45A3C88922FF64E6005A5962 /* SceneDelegate.swift in Sources */,
			);
			runOnlyForDeploymentPostprocessing = 0;
		};
		45A3C89522FF64EA005A5962 /* Sources */ = {
			isa = PBXSourcesBuildPhase;
			buildActionMask = 2147483647;
			files = (
				45A3C89E22FF64EA005A5962 /* App_OnboardingTests.swift in Sources */,
			);
			runOnlyForDeploymentPostprocessing = 0;
		};
		45A3C8A022FF64EA005A5962 /* Sources */ = {
			isa = PBXSourcesBuildPhase;
			buildActionMask = 2147483647;
			files = (
				45A3C8A922FF64EA005A5962 /* App_OnboardingUITests.swift in Sources */,
			);
			runOnlyForDeploymentPostprocessing = 0;
		};
/* End PBXSourcesBuildPhase section */

/* Begin PBXTargetDependency section */
		45A3C89B22FF64EA005A5962 /* PBXTargetDependency */ = {
			isa = PBXTargetDependency;
			target = 45A3C88222FF64E6005A5962 /* App Onboarding */;
			targetProxy = 45A3C89A22FF64EA005A5962 /* PBXContainerItemProxy */;
		};
		45A3C8A622FF64EA005A5962 /* PBXTargetDependency */ = {
			isa = PBXTargetDependency;
			target = 45A3C88222FF64E6005A5962 /* App Onboarding */;
			targetProxy = 45A3C8A522FF64EA005A5962 /* PBXContainerItemProxy */;
		};
/* End PBXTargetDependency section */

/* Begin PBXVariantGroup section */
		45A3C89122FF64E9005A5962 /* LaunchScreen.storyboard */ = {
			isa = PBXVariantGroup;
			children = (
				45A3C89222FF64E9005A5962 /* Base */,
			);
			name = LaunchScreen.storyboard;
			sourceTree = "<group>";
		};
/* End PBXVariantGroup section */

/* Begin XCBuildConfiguration section */
		45A3C8AB22FF64EA005A5962 /* Debug */ = {
			isa = XCBuildConfiguration;
			buildSettings = {
				ALWAYS_SEARCH_USER_PATHS = NO;
				CLANG_ANALYZER_NONNULL = YES;
				CLANG_ANALYZER_NUMBER_OBJECT_CONVERSION = YES_AGGRESSIVE;
				CLANG_CXX_LANGUAGE_STANDARD = "gnu++14";
				CLANG_CXX_LIBRARY = "libc++";
				CLANG_ENABLE_MODULES = YES;
				CLANG_ENABLE_OBJC_ARC = YES;
				CLANG_ENABLE_OBJC_WEAK = YES;
				CLANG_WARN_BLOCK_CAPTURE_AUTORELEASING = YES;
				CLANG_WARN_BOOL_CONVERSION = YES;
				CLANG_WARN_COMMA = YES;
				CLANG_WARN_CONSTANT_CONVERSION = YES;
				CLANG_WARN_DEPRECATED_OBJC_IMPLEMENTATIONS = YES;
				CLANG_WARN_DIRECT_OBJC_ISA_USAGE = YES_ERROR;
				CLANG_WARN_DOCUMENTATION_COMMENTS = YES;
				CLANG_WARN_EMPTY_BODY = YES;
				CLANG_WARN_ENUM_CONVERSION = YES;
				CLANG_WARN_INFINITE_RECURSION = YES;
				CLANG_WARN_INT_CONVERSION = YES;
				CLANG_WARN_NON_LITERAL_NULL_CONVERSION = YES;
				CLANG_WARN_OBJC_IMPLICIT_RETAIN_SELF = YES;
				CLANG_WARN_OBJC_LITERAL_CONVERSION = YES;
				CLANG_WARN_OBJC_ROOT_CLASS = YES_ERROR;
				CLANG_WARN_RANGE_LOOP_ANALYSIS = YES;
				CLANG_WARN_STRICT_PROTOTYPES = YES;
				CLANG_WARN_SUSPICIOUS_MOVE = YES;
				CLANG_WARN_UNGUARDED_AVAILABILITY = YES_AGGRESSIVE;
				CLANG_WARN_UNREACHABLE_CODE = YES;
				CLANG_WARN__DUPLICATE_METHOD_MATCH = YES;
				COPY_PHASE_STRIP = NO;
				DEBUG_INFORMATION_FORMAT = dwarf;
				ENABLE_STRICT_OBJC_MSGSEND = YES;
				ENABLE_TESTABILITY = YES;
				GCC_C_LANGUAGE_STANDARD = gnu11;
				GCC_DYNAMIC_NO_PIC = NO;
				GCC_NO_COMMON_BLOCKS = YES;
				GCC_OPTIMIZATION_LEVEL = 0;
				GCC_PREPROCESSOR_DEFINITIONS = (
					"DEBUG=1",
					"$(inherited)",
				);
				GCC_WARN_64_TO_32_BIT_CONVERSION = YES;
				GCC_WARN_ABOUT_RETURN_TYPE = YES_ERROR;
				GCC_WARN_UNDECLARED_SELECTOR = YES;
				GCC_WARN_UNINITIALIZED_AUTOS = YES_AGGRESSIVE;
				GCC_WARN_UNUSED_FUNCTION = YES;
				GCC_WARN_UNUSED_VARIABLE = YES;
				IPHONEOS_DEPLOYMENT_TARGET = 13.0;
				MTL_ENABLE_DEBUG_INFO = INCLUDE_SOURCE;
				MTL_FAST_MATH = YES;
				ONLY_ACTIVE_ARCH = YES;
				SDKROOT = iphoneos;
				SWIFT_ACTIVE_COMPILATION_CONDITIONS = DEBUG;
				SWIFT_OPTIMIZATION_LEVEL = "-Onone";
			};
			name = Debug;
		};
		45A3C8AC22FF64EA005A5962 /* Release */ = {
			isa = XCBuildConfiguration;
			buildSettings = {
				ALWAYS_SEARCH_USER_PATHS = NO;
				CLANG_ANALYZER_NONNULL = YES;
				CLANG_ANALYZER_NUMBER_OBJECT_CONVERSION = YES_AGGRESSIVE;
				CLANG_CXX_LANGUAGE_STANDARD = "gnu++14";
				CLANG_CXX_LIBRARY = "libc++";
				CLANG_ENABLE_MODULES = YES;
				CLANG_ENABLE_OBJC_ARC = YES;
				CLANG_ENABLE_OBJC_WEAK = YES;
				CLANG_WARN_BLOCK_CAPTURE_AUTORELEASING = YES;
				CLANG_WARN_BOOL_CONVERSION = YES;
				CLANG_WARN_COMMA = YES;
				CLANG_WARN_CONSTANT_CONVERSION = YES;
				CLANG_WARN_DEPRECATED_OBJC_IMPLEMENTATIONS = YES;
				CLANG_WARN_DIRECT_OBJC_ISA_USAGE = YES_ERROR;
				CLANG_WARN_DOCUMENTATION_COMMENTS = YES;
				CLANG_WARN_EMPTY_BODY = YES;
				CLANG_WARN_ENUM_CONVERSION = YES;
				CLANG_WARN_INFINITE_RECURSION = YES;
				CLANG_WARN_INT_CONVERSION = YES;
				CLANG_WARN_NON_LITERAL_NULL_CONVERSION = YES;
				CLANG_WARN_OBJC_IMPLICIT_RETAIN_SELF = YES;
				CLANG_WARN_OBJC_LITERAL_CONVERSION = YES;
				CLANG_WARN_OBJC_ROOT_CLASS = YES_ERROR;
				CLANG_WARN_RANGE_LOOP_ANALYSIS = YES;
				CLANG_WARN_STRICT_PROTOTYPES = YES;
				CLANG_WARN_SUSPICIOUS_MOVE = YES;
				CLANG_WARN_UNGUARDED_AVAILABILITY = YES_AGGRESSIVE;
				CLANG_WARN_UNREACHABLE_CODE = YES;
				CLANG_WARN__DUPLICATE_METHOD_MATCH = YES;
				COPY_PHASE_STRIP = NO;
				DEBUG_INFORMATION_FORMAT = "dwarf-with-dsym";
				ENABLE_NS_ASSERTIONS = NO;
				ENABLE_STRICT_OBJC_MSGSEND = YES;
				GCC_C_LANGUAGE_STANDARD = gnu11;
				GCC_NO_COMMON_BLOCKS = YES;
				GCC_WARN_64_TO_32_BIT_CONVERSION = YES;
				GCC_WARN_ABOUT_RETURN_TYPE = YES_ERROR;
				GCC_WARN_UNDECLARED_SELECTOR = YES;
				GCC_WARN_UNINITIALIZED_AUTOS = YES_AGGRESSIVE;
				GCC_WARN_UNUSED_FUNCTION = YES;
				GCC_WARN_UNUSED_VARIABLE = YES;
				IPHONEOS_DEPLOYMENT_TARGET = 13.0;
				MTL_ENABLE_DEBUG_INFO = NO;
				MTL_FAST_MATH = YES;
				SDKROOT = iphoneos;
				SWIFT_COMPILATION_MODE = wholemodule;
				SWIFT_OPTIMIZATION_LEVEL = "-O";
				VALIDATE_PRODUCT = YES;
			};
			name = Release;
		};
		45A3C8AE22FF64EA005A5962 /* Debug */ = {
			isa = XCBuildConfiguration;
			buildSettings = {
				ASSETCATALOG_COMPILER_APPICON_NAME = AppIcon;
				CODE_SIGN_STYLE = Automatic;
				DEVELOPMENT_ASSET_PATHS = "\"App Onboarding\"/Preview\\ Content";
				DEVELOPMENT_TEAM = Q5Q99Q7248;
				ENABLE_PREVIEWS = YES;
				INFOPLIST_FILE = "App Onboarding/Info.plist";
				LD_RUNPATH_SEARCH_PATHS = (
					"$(inherited)",
					"@executable_path/Frameworks",
				);
				PRODUCT_BUNDLE_IDENTIFIER = "com.andreasschultz.App-Onboarding";
				PRODUCT_NAME = "$(TARGET_NAME)";
				SWIFT_VERSION = 5.0;
				TARGETED_DEVICE_FAMILY = "1,2";
			};
			name = Debug;
		};
		45A3C8AF22FF64EA005A5962 /* Release */ = {
			isa = XCBuildConfiguration;
			buildSettings = {
				ASSETCATALOG_COMPILER_APPICON_NAME = AppIcon;
				CODE_SIGN_STYLE = Automatic;
				DEVELOPMENT_ASSET_PATHS = "\"App Onboarding\"/Preview\\ Content";
				DEVELOPMENT_TEAM = Q5Q99Q7248;
				ENABLE_PREVIEWS = YES;
				INFOPLIST_FILE = "App Onboarding/Info.plist";
				LD_RUNPATH_SEARCH_PATHS = (
					"$(inherited)",
					"@executable_path/Frameworks",
				);
				PRODUCT_BUNDLE_IDENTIFIER = "com.andreasschultz.App-Onboarding";
				PRODUCT_NAME = "$(TARGET_NAME)";
				SWIFT_VERSION = 5.0;
				TARGETED_DEVICE_FAMILY = "1,2";
			};
			name = Release;
		};
		45A3C8B122FF64EA005A5962 /* Debug */ = {
			isa = XCBuildConfiguration;
			buildSettings = {
				ALWAYS_EMBED_SWIFT_STANDARD_LIBRARIES = YES;
				BUNDLE_LOADER = "$(TEST_HOST)";
				CODE_SIGN_STYLE = Automatic;
				DEVELOPMENT_TEAM = Q5Q99Q7248;
				INFOPLIST_FILE = "App OnboardingTests/Info.plist";
				LD_RUNPATH_SEARCH_PATHS = (
					"$(inherited)",
					"@executable_path/Frameworks",
					"@loader_path/Frameworks",
				);
				PRODUCT_BUNDLE_IDENTIFIER = "com.andreasschultz.App-OnboardingTests";
				PRODUCT_NAME = "$(TARGET_NAME)";
				SWIFT_VERSION = 5.0;
				TARGETED_DEVICE_FAMILY = "1,2";
				TEST_HOST = "$(BUILT_PRODUCTS_DIR)/App Onboarding.app/App Onboarding";
			};
			name = Debug;
		};
		45A3C8B222FF64EA005A5962 /* Release */ = {
			isa = XCBuildConfiguration;
			buildSettings = {
				ALWAYS_EMBED_SWIFT_STANDARD_LIBRARIES = YES;
				BUNDLE_LOADER = "$(TEST_HOST)";
				CODE_SIGN_STYLE = Automatic;
				DEVELOPMENT_TEAM = Q5Q99Q7248;
				INFOPLIST_FILE = "App OnboardingTests/Info.plist";
				LD_RUNPATH_SEARCH_PATHS = (
					"$(inherited)",
					"@executable_path/Frameworks",
					"@loader_path/Frameworks",
				);
				PRODUCT_BUNDLE_IDENTIFIER = "com.andreasschultz.App-OnboardingTests";
				PRODUCT_NAME = "$(TARGET_NAME)";
				SWIFT_VERSION = 5.0;
				TARGETED_DEVICE_FAMILY = "1,2";
				TEST_HOST = "$(BUILT_PRODUCTS_DIR)/App Onboarding.app/App Onboarding";
			};
			name = Release;
		};
		45A3C8B422FF64EA005A5962 /* Debug */ = {
			isa = XCBuildConfiguration;
			buildSettings = {
				ALWAYS_EMBED_SWIFT_STANDARD_LIBRARIES = YES;
				CODE_SIGN_STYLE = Automatic;
				DEVELOPMENT_TEAM = Q5Q99Q7248;
				INFOPLIST_FILE = "App OnboardingUITests/Info.plist";
				LD_RUNPATH_SEARCH_PATHS = (
					"$(inherited)",
					"@executable_path/Frameworks",
					"@loader_path/Frameworks",
				);
				PRODUCT_BUNDLE_IDENTIFIER = "com.andreasschultz.App-OnboardingUITests";
				PRODUCT_NAME = "$(TARGET_NAME)";
				SWIFT_VERSION = 5.0;
				TARGETED_DEVICE_FAMILY = "1,2";
				TEST_TARGET_NAME = "App Onboarding";
			};
			name = Debug;
		};
		45A3C8B522FF64EA005A5962 /* Release */ = {
			isa = XCBuildConfiguration;
			buildSettings = {
				ALWAYS_EMBED_SWIFT_STANDARD_LIBRARIES = YES;
				CODE_SIGN_STYLE = Automatic;
				DEVELOPMENT_TEAM = Q5Q99Q7248;
				INFOPLIST_FILE = "App OnboardingUITests/Info.plist";
				LD_RUNPATH_SEARCH_PATHS = (
					"$(inherited)",
					"@executable_path/Frameworks",
					"@loader_path/Frameworks",
				);
				PRODUCT_BUNDLE_IDENTIFIER = "com.andreasschultz.App-OnboardingUITests";
				PRODUCT_NAME = "$(TARGET_NAME)";
				SWIFT_VERSION = 5.0;
				TARGETED_DEVICE_FAMILY = "1,2";
				TEST_TARGET_NAME = "App Onboarding";
			};
			name = Release;
		};
/* End XCBuildConfiguration section */

/* Begin XCConfigurationList section */
		45A3C87E22FF64E6005A5962 /* Build configuration list for PBXProject "App Onboarding" */ = {
			isa = XCConfigurationList;
			buildConfigurations = (
				45A3C8AB22FF64EA005A5962 /* Debug */,
				45A3C8AC22FF64EA005A5962 /* Release */,
			);
			defaultConfigurationIsVisible = 0;
			defaultConfigurationName = Release;
		};
		45A3C8AD22FF64EA005A5962 /* Build configuration list for PBXNativeTarget "App Onboarding" */ = {
			isa = XCConfigurationList;
			buildConfigurations = (
				45A3C8AE22FF64EA005A5962 /* Debug */,
				45A3C8AF22FF64EA005A5962 /* Release */,
			);
			defaultConfigurationIsVisible = 0;
			defaultConfigurationName = Release;
		};
		45A3C8B022FF64EA005A5962 /* Build configuration list for PBXNativeTarget "App OnboardingTests" */ = {
			isa = XCConfigurationList;
			buildConfigurations = (
				45A3C8B122FF64EA005A5962 /* Debug */,
				45A3C8B222FF64EA005A5962 /* Release */,
			);
			defaultConfigurationIsVisible = 0;
			defaultConfigurationName = Release;
		};
		45A3C8B322FF64EA005A5962 /* Build configuration list for PBXNativeTarget "App OnboardingUITests" */ = {
			isa = XCConfigurationList;
			buildConfigurations = (
				45A3C8B422FF64EA005A5962 /* Debug */,
				45A3C8B522FF64EA005A5962 /* Release */,
			);
			defaultConfigurationIsVisible = 0;
			defaultConfigurationName = Release;
		};
/* End XCConfigurationList section */
	};
	rootObject = 45A3C87B22FF64E6005A5962 /* Project object */;
}
